// !$*UTF8*$!
{
	archiveVersion = 1;
	classes = {
	};
	objectVersion = 46;
	objects = {

/* Begin PBXBuildFile section */
		6624EE1F1CC8161B005B6E6B /* AppDelegate.swift in Sources */ = {isa = PBXBuildFile; fileRef = 6624EE1E1CC8161B005B6E6B /* AppDelegate.swift */; };
		6624EE211CC8161B005B6E6B /* ViewController.swift in Sources */ = {isa = PBXBuildFile; fileRef = 6624EE201CC8161B005B6E6B /* ViewController.swift */; };
		6624EE241CC8161B005B6E6B /* Main.storyboard in Resources */ = {isa = PBXBuildFile; fileRef = 6624EE221CC8161B005B6E6B /* Main.storyboard */; };
		6624EE261CC8161B005B6E6B /* Assets.xcassets in Resources */ = {isa = PBXBuildFile; fileRef = 6624EE251CC8161B005B6E6B /* Assets.xcassets */; };
		6624EE291CC8161B005B6E6B /* LaunchScreen.storyboard in Resources */ = {isa = PBXBuildFile; fileRef = 6624EE271CC8161B005B6E6B /* LaunchScreen.storyboard */; };
		6624EE341CC81BBF005B6E6B /* AddressBookViewController.swift in Sources */ = {isa = PBXBuildFile; fileRef = 6624EE331CC81BBF005B6E6B /* AddressBookViewController.swift */; };
		6624EE361CC81BC8005B6E6B /* ContactsViewController.swift in Sources */ = {isa = PBXBuildFile; fileRef = 6624EE351CC81BC8005B6E6B /* ContactsViewController.swift */; };
		6624EE391CC81BF0005B6E6B /* ContactTableViewCell.swift in Sources */ = {isa = PBXBuildFile; fileRef = 6624EE371CC81BF0005B6E6B /* ContactTableViewCell.swift */; };
		6624EE3A1CC81BF0005B6E6B /* ContactTableViewCell.xib in Resources */ = {isa = PBXBuildFile; fileRef = 6624EE381CC81BF0005B6E6B /* ContactTableViewCell.xib */; };
		6624EE3D1CC82408005B6E6B /* UIViewController+Alerts.swift in Sources */ = {isa = PBXBuildFile; fileRef = 6624EE3C1CC82408005B6E6B /* UIViewController+Alerts.swift */; };
		6624EE401CC824C7005B6E6B /* ContactEntry.swift in Sources */ = {isa = PBXBuildFile; fileRef = 6624EE3F1CC824C7005B6E6B /* ContactEntry.swift */; };
		6624EE421CC8BA53005B6E6B /* String+Email.swift in Sources */ = {isa = PBXBuildFile; fileRef = 6624EE411CC8BA53005B6E6B /* String+Email.swift */; };
		66406E461CC96C50003F528E /* CreateContactViewController.swift in Sources */ = {isa = PBXBuildFile; fileRef = 66406E451CC96C50003F528E /* CreateContactViewController.swift */; };
/* End PBXBuildFile section */

/* Begin PBXFileReference section */
		6624EE1B1CC8161B005B6E6B /* AddressBookContacts.app */ = {isa = PBXFileReference; explicitFileType = wrapper.application; includeInIndex = 0; path = AddressBookContacts.app; sourceTree = BUILT_PRODUCTS_DIR; };
		6624EE1E1CC8161B005B6E6B /* AppDelegate.swift */ = {isa = PBXFileReference; lastKnownFileType = sourcecode.swift; path = AppDelegate.swift; sourceTree = "<group>"; };
		6624EE201CC8161B005B6E6B /* ViewController.swift */ = {isa = PBXFileReference; lastKnownFileType = sourcecode.swift; path = ViewController.swift; sourceTree = "<group>"; };
		6624EE231CC8161B005B6E6B /* Base */ = {isa = PBXFileReference; lastKnownFileType = file.storyboard; name = Base; path = Base.lproj/Main.storyboard; sourceTree = "<group>"; };
		6624EE251CC8161B005B6E6B /* Assets.xcassets */ = {isa = PBXFileReference; lastKnownFileType = folder.assetcatalog; path = Assets.xcassets; sourceTree = "<group>"; };
		6624EE281CC8161B005B6E6B /* Base */ = {isa = PBXFileReference; lastKnownFileType = file.storyboard; name = Base; path = Base.lproj/LaunchScreen.storyboard; sourceTree = "<group>"; };
		6624EE2A1CC8161B005B6E6B /* Info.plist */ = {isa = PBXFileReference; lastKnownFileType = text.plist.xml; path = Info.plist; sourceTree = "<group>"; };
		6624EE331CC81BBF005B6E6B /* AddressBookViewController.swift */ = {isa = PBXFileReference; fileEncoding = 4; lastKnownFileType = sourcecode.swift; path = AddressBookViewController.swift; sourceTree = "<group>"; };
		6624EE351CC81BC8005B6E6B /* ContactsViewController.swift */ = {isa = PBXFileReference; fileEncoding = 4; lastKnownFileType = sourcecode.swift; path = ContactsViewController.swift; sourceTree = "<group>"; };
		6624EE371CC81BF0005B6E6B /* ContactTableViewCell.swift */ = {isa = PBXFileReference; fileEncoding = 4; lastKnownFileType = sourcecode.swift; path = ContactTableViewCell.swift; sourceTree = "<group>"; };
		6624EE381CC81BF0005B6E6B /* ContactTableViewCell.xib */ = {isa = PBXFileReference; fileEncoding = 4; lastKnownFileType = file.xib; path = ContactTableViewCell.xib; sourceTree = "<group>"; };
		6624EE3C1CC82408005B6E6B /* UIViewController+Alerts.swift */ = {isa = PBXFileReference; fileEncoding = 4; lastKnownFileType = sourcecode.swift; path = "UIViewController+Alerts.swift"; sourceTree = "<group>"; };
		6624EE3F1CC824C7005B6E6B /* ContactEntry.swift */ = {isa = PBXFileReference; fileEncoding = 4; lastKnownFileType = sourcecode.swift; path = ContactEntry.swift; sourceTree = "<group>"; };
		6624EE411CC8BA53005B6E6B /* String+Email.swift */ = {isa = PBXFileReference; fileEncoding = 4; lastKnownFileType = sourcecode.swift; path = "String+Email.swift"; sourceTree = "<group>"; };
		66406E451CC96C50003F528E /* CreateContactViewController.swift */ = {isa = PBXFileReference; fileEncoding = 4; lastKnownFileType = sourcecode.swift; path = CreateContactViewController.swift; sourceTree = "<group>"; };
/* End PBXFileReference section */

/* Begin PBXFrameworksBuildPhase section */
		6624EE181CC8161B005B6E6B /* Frameworks */ = {
			isa = PBXFrameworksBuildPhase;
			buildActionMask = 2147483647;
			files = (
			);
			runOnlyForDeploymentPostprocessing = 0;
		};
/* End PBXFrameworksBuildPhase section */

/* Begin PBXGroup section */
		6624EE121CC8161B005B6E6B = {
			isa = PBXGroup;
			children = (
				6624EE1D1CC8161B005B6E6B /* AddressBookContacts */,
				6624EE1C1CC8161B005B6E6B /* Products */,
			);
			sourceTree = "<group>";
		};
		6624EE1C1CC8161B005B6E6B /* Products */ = {
			isa = PBXGroup;
			children = (
				6624EE1B1CC8161B005B6E6B /* AddressBookContacts.app */,
			);
			name = Products;
			sourceTree = "<group>";
		};
		6624EE1D1CC8161B005B6E6B /* AddressBookContacts */ = {
			isa = PBXGroup;
			children = (
				6624EE3E1CC824B5005B6E6B /* Model */,
				6624EE3B1CC823F7005B6E6B /* Categories */,
				6624EE321CC81BA9005B6E6B /* View Controllers */,
				6624EE311CC81B26005B6E6B /* Views and storyboards */,
				6624EE301CC81B16005B6E6B /* App and resources */,
			);
			path = AddressBookContacts;
			sourceTree = "<group>";
		};
		6624EE301CC81B16005B6E6B /* App and resources */ = {
			isa = PBXGroup;
			children = (
				6624EE1E1CC8161B005B6E6B /* AppDelegate.swift */,
				6624EE251CC8161B005B6E6B /* Assets.xcassets */,
				6624EE2A1CC8161B005B6E6B /* Info.plist */,
			);
			name = "App and resources";
			sourceTree = "<group>";
		};
		6624EE311CC81B26005B6E6B /* Views and storyboards */ = {
			isa = PBXGroup;
			children = (
				6624EE221CC8161B005B6E6B /* Main.storyboard */,
				6624EE271CC8161B005B6E6B /* LaunchScreen.storyboard */,
				6624EE371CC81BF0005B6E6B /* ContactTableViewCell.swift */,
				6624EE381CC81BF0005B6E6B /* ContactTableViewCell.xib */,
			);
			name = "Views and storyboards";
			sourceTree = "<group>";
		};
		6624EE321CC81BA9005B6E6B /* View Controllers */ = {
			isa = PBXGroup;
			children = (
				6624EE201CC8161B005B6E6B /* ViewController.swift */,
				6624EE331CC81BBF005B6E6B /* AddressBookViewController.swift */,
				6624EE351CC81BC8005B6E6B /* ContactsViewController.swift */,
				66406E451CC96C50003F528E /* CreateContactViewController.swift */,
			);
			name = "View Controllers";
			sourceTree = "<group>";
		};
		6624EE3B1CC823F7005B6E6B /* Categories */ = {
			isa = PBXGroup;
			children = (
				6624EE3C1CC82408005B6E6B /* UIViewController+Alerts.swift */,
			);
			name = Categories;
			sourceTree = "<group>";
		};
		6624EE3E1CC824B5005B6E6B /* Model */ = {
			isa = PBXGroup;
			children = (
				6624EE3F1CC824C7005B6E6B /* ContactEntry.swift */,
				6624EE411CC8BA53005B6E6B /* String+Email.swift */,
			);
			name = Model;
			sourceTree = "<group>";
		};
/* End PBXGroup section */

/* Begin PBXNativeTarget section */
		6624EE1A1CC8161B005B6E6B /* AddressBookContacts */ = {
			isa = PBXNativeTarget;
			buildConfigurationList = 6624EE2D1CC8161B005B6E6B /* Build configuration list for PBXNativeTarget "AddressBookContacts" */;
			buildPhases = (
				6624EE171CC8161B005B6E6B /* Sources */,
				6624EE181CC8161B005B6E6B /* Frameworks */,
				6624EE191CC8161B005B6E6B /* Resources */,
			);
			buildRules = (
			);
			dependencies = (
			);
			name = AddressBookContacts;
			productName = AddressBookContacts;
			productReference = 6624EE1B1CC8161B005B6E6B /* AddressBookContacts.app */;
			productType = "com.apple.product-type.application";
		};
/* End PBXNativeTarget section */

/* Begin PBXProject section */
		6624EE131CC8161B005B6E6B /* Project object */ = {
			isa = PBXProject;
			attributes = {
				LastSwiftUpdateCheck = 0730;
				LastUpgradeCheck = 0730;
				ORGANIZATIONNAME = "Ignacio Nieto Carvajal";
				TargetAttributes = {
					6624EE1A1CC8161B005B6E6B = {
						CreatedOnToolsVersion = 7.3;
					};
				};
			};
			buildConfigurationList = 6624EE161CC8161B005B6E6B /* Build configuration list for PBXProject "AddressBookContacts" */;
			compatibilityVersion = "Xcode 3.2";
			developmentRegion = English;
			hasScannedForEncodings = 0;
			knownRegions = (
				en,
				Base,
			);
			mainGroup = 6624EE121CC8161B005B6E6B;
			productRefGroup = 6624EE1C1CC8161B005B6E6B /* Products */;
			projectDirPath = "";
			projectRoot = "";
			targets = (
				6624EE1A1CC8161B005B6E6B /* AddressBookContacts */,
			);
		};
/* End PBXProject section */

/* Begin PBXResourcesBuildPhase section */
		6624EE191CC8161B005B6E6B /* Resources */ = {
			isa = PBXResourcesBuildPhase;
			buildActionMask = 2147483647;
			files = (
				6624EE3A1CC81BF0005B6E6B /* ContactTableViewCell.xib in Resources */,
				6624EE291CC8161B005B6E6B /* LaunchScreen.storyboard in Resources */,
				6624EE261CC8161B005B6E6B /* Assets.xcassets in Resources */,
				6624EE241CC8161B005B6E6B /* Main.storyboard in Resources */,
			);
			runOnlyForDeploymentPostprocessing = 0;
		};
/* End PBXResourcesBuildPhase section */

/* Begin PBXSourcesBuildPhase section */
		6624EE171CC8161B005B6E6B /* Sources */ = {
			isa = PBXSourcesBuildPhase;
			buildActionMask = 2147483647;
			files = (
				6624EE341CC81BBF005B6E6B /* AddressBookViewController.swift in Sources */,
				6624EE3D1CC82408005B6E6B /* UIViewController+Alerts.swift in Sources */,
				66406E461CC96C50003F528E /* CreateContactViewController.swift in Sources */,
				6624EE391CC81BF0005B6E6B /* ContactTableViewCell.swift in Sources */,
				6624EE361CC81BC8005B6E6B /* ContactsViewController.swift in Sources */,
				6624EE211CC8161B005B6E6B /* ViewController.swift in Sources */,
				6624EE401CC824C7005B6E6B /* ContactEntry.swift in Sources */,
				6624EE1F1CC8161B005B6E6B /* AppDelegate.swift in Sources */,
				6624EE421CC8BA53005B6E6B /* String+Email.swift in Sources */,
			);
			runOnlyForDeploymentPostprocessing = 0;
		};
/* End PBXSourcesBuildPhase section */

/* Begin PBXVariantGroup section */
		6624EE221CC8161B005B6E6B /* Main.storyboard */ = {
			isa = PBXVariantGroup;
			children = (
				6624EE231CC8161B005B6E6B /* Base */,
			);
			name = Main.storyboard;
			sourceTree = "<group>";
		};
		6624EE271CC8161B005B6E6B /* LaunchScreen.storyboard */ = {
			isa = PBXVariantGroup;
			children = (
				6624EE281CC8161B005B6E6B /* Base */,
			);
			name = LaunchScreen.storyboard;
			sourceTree = "<group>";
		};
/* End PBXVariantGroup section */

/* Begin XCBuildConfiguration section */
		6624EE2B1CC8161B005B6E6B /* Debug */ = {
			isa = XCBuildConfiguration;
			buildSettings = {
				ALWAYS_SEARCH_USER_PATHS = NO;
				CLANG_ANALYZER_NONNULL = YES;
				CLANG_CXX_LANGUAGE_STANDARD = "gnu++0x";
				CLANG_CXX_LIBRARY = "libc++";
				CLANG_ENABLE_MODULES = YES;
				CLANG_ENABLE_OBJC_ARC = YES;
				CLANG_WARN_BOOL_CONVERSION = YES;
				CLANG_WARN_CONSTANT_CONVERSION = YES;
				CLANG_WARN_DIRECT_OBJC_ISA_USAGE = YES_ERROR;
				CLANG_WARN_EMPTY_BODY = YES;
				CLANG_WARN_ENUM_CONVERSION = YES;
				CLANG_WARN_INT_CONVERSION = YES;
				CLANG_WARN_OBJC_ROOT_CLASS = YES_ERROR;
				CLANG_WARN_UNREACHABLE_CODE = YES;
				CLANG_WARN__DUPLICATE_METHOD_MATCH = YES;
				"CODE_SIGN_IDENTITY[sdk=iphoneos*]" = "iPhone Developer";
				COPY_PHASE_STRIP = NO;
				DEBUG_INFORMATION_FORMAT = dwarf;
				ENABLE_STRICT_OBJC_MSGSEND = YES;
				ENABLE_TESTABILITY = YES;
				GCC_C_LANGUAGE_STANDARD = gnu99;
				GCC_DYNAMIC_NO_PIC = NO;
				GCC_NO_COMMON_BLOCKS = YES;
				GCC_OPTIMIZATION_LEVEL = 0;
				GCC_PREPROCESSOR_DEFINITIONS = (
					"DEBUG=1",
					"$(inherited)",
				);
				GCC_WARN_64_TO_32_BIT_CONVERSION = YES;
				GCC_WARN_ABOUT_RETURN_TYPE = YES_ERROR;
				GCC_WARN_UNDECLARED_SELECTOR = YES;
				GCC_WARN_UNINITIALIZED_AUTOS = YES_AGGRESSIVE;
				GCC_WARN_UNUSED_FUNCTION = YES;
				GCC_WARN_UNUSED_VARIABLE = YES;
				IPHONEOS_DEPLOYMENT_TARGET = 9.3;
				MTL_ENABLE_DEBUG_INFO = YES;
				ONLY_ACTIVE_ARCH = YES;
				SDKROOT = iphoneos;
				SWIFT_OPTIMIZATION_LEVEL = "-Onone";
			};
			name = Debug;
		};
		6624EE2C1CC8161B005B6E6B /* Release */ = {
			isa = XCBuildConfiguration;
			buildSettings = {
				ALWAYS_SEARCH_USER_PATHS = NO;
				CLANG_ANALYZER_NONNULL = YES;
				CLANG_CXX_LANGUAGE_STANDARD = "gnu++0x";
				CLANG_CXX_LIBRARY = "libc++";
				CLANG_ENABLE_MODULES = YES;
				CLANG_ENABLE_OBJC_ARC = YES;
				CLANG_WARN_BOOL_CONVERSION = YES;
				CLANG_WARN_CONSTANT_CONVERSION = YES;
				CLANG_WARN_DIRECT_OBJC_ISA_USAGE = YES_ERROR;
				CLANG_WARN_EMPTY_BODY = YES;
				CLANG_WARN_ENUM_CONVERSION = YES;
				CLANG_WARN_INT_CONVERSION = YES;
				CLANG_WARN_OBJC_ROOT_CLASS = YES_ERROR;
				CLANG_WARN_UNREACHABLE_CODE = YES;
				CLANG_WARN__DUPLICATE_METHOD_MATCH = YES;
				"CODE_SIGN_IDENTITY[sdk=iphoneos*]" = "iPhone Developer";
				COPY_PHASE_STRIP = NO;
				DEBUG_INFORMATION_FORMAT = "dwarf-with-dsym";
				ENABLE_NS_ASSERTIONS = NO;
				ENABLE_STRICT_OBJC_MSGSEND = YES;
				GCC_C_LANGUAGE_STANDARD = gnu99;
				GCC_NO_COMMON_BLOCKS = YES;
				GCC_WARN_64_TO_32_BIT_CONVERSION = YES;
				GCC_WARN_ABOUT_RETURN_TYPE = YES_ERROR;
				GCC_WARN_UNDECLARED_SELECTOR = YES;
				GCC_WARN_UNINITIALIZED_AUTOS = YES_AGGRESSIVE;
				GCC_WARN_UNUSED_FUNCTION = YES;
				GCC_WARN_UNUSED_VARIABLE = YES;
				IPHONEOS_DEPLOYMENT_TARGET = 9.3;
				MTL_ENABLE_DEBUG_INFO = NO;
				SDKROOT = iphoneos;
				VALIDATE_PRODUCT = YES;
			};
			name = Release;
		};
		6624EE2E1CC8161B005B6E6B /* Debug */ = {
			isa = XCBuildConfiguration;
			buildSettings = {
				ASSETCATALOG_COMPILER_APPICON_NAME = AppIcon;
				INFOPLIST_FILE = AddressBookContacts/Info.plist;
				IPHONEOS_DEPLOYMENT_TARGET = 8.0;
				LD_RUNPATH_SEARCH_PATHS = "$(inherited) @executable_path/Frameworks";
				PRODUCT_BUNDLE_IDENTIFIER = "com.Ignacio-Nieto-Carvajal.AddressBookContacts";
				PRODUCT_NAME = "$(TARGET_NAME)";
			};
			name = Debug;
		};
		6624EE2F1CC8161B005B6E6B /* Release */ = {
			isa = XCBuildConfiguration;
			buildSettings = {
				ASSETCATALOG_COMPILER_APPICON_NAME = AppIcon;
				INFOPLIST_FILE = AddressBookContacts/Info.plist;
				IPHONEOS_DEPLOYMENT_TARGET = 8.0;
				LD_RUNPATH_SEARCH_PATHS = "$(inherited) @executable_path/Frameworks";
				PRODUCT_BUNDLE_IDENTIFIER = "com.Ignacio-Nieto-Carvajal.AddressBookContacts";
				PRODUCT_NAME = "$(TARGET_NAME)";
			};
			name = Release;
		};
/* End XCBuildConfiguration section */

/* Begin XCConfigurationList section */
		6624EE161CC8161B005B6E6B /* Build configuration list for PBXProject "AddressBookContacts" */ = {
			isa = XCConfigurationList;
			buildConfigurations = (
				6624EE2B1CC8161B005B6E6B /* Debug */,
				6624EE2C1CC8161B005B6E6B /* Release */,
			);
			defaultConfigurationIsVisible = 0;
			defaultConfigurationName = Release;
		};
		6624EE2D1CC8161B005B6E6B /* Build configuration list for PBXNativeTarget "AddressBookContacts" */ = {
			isa = XCConfigurationList;
			buildConfigurations = (
				6624EE2E1CC8161B005B6E6B /* Debug */,
				6624EE2F1CC8161B005B6E6B /* Release */,
			);
			defaultConfigurationIsVisible = 0;
			defaultConfigurationName = Release;
		};
/* End XCConfigurationList section */
	};
	rootObject = 6624EE131CC8161B005B6E6B /* Project object */;
}
